
Microsoft Visual Studio Solution File, Format Version 12.00
# Visual Studio Version 17
VisualStudioVersion = 17.8.34330.188
MinimumVisualStudioVersion = 10.0.40219.1
Project("{8BC9CEB8-8B4A-11D0-8D11-00A0C91BC942}") = "Lista4", "Lista4.vcxproj", "{17C7BBF0-F17F-4E8B-A584-6AA41CB4FC28}"
EndProject
Global
	GlobalSection(SolutionConfigurationPlatforms) = preSolution
		Debug|x64 = Debug|x64
		Debug|x86 = Debug|x86
		Release|x64 = Release|x64
		Release|x86 = Release|x86
	EndGlobalSection
	GlobalSection(ProjectConfigurationPlatforms) = postSolution
		{17C7BBF0-F17F-4E8B-A584-6AA41CB4FC28}.Debug|x64.ActiveCfg = Debug|x64
		{17C7BBF0-F17F-4E8B-A584-6AA41CB4FC28}.Debug|x64.Build.0 = Debug|x64
		{17C7BBF0-F17F-4E8B-A584-6AA41CB4FC28}.Debug|x86.ActiveCfg = Debug|Win32
		{17C7BBF0-F17F-4E8B-A584-6AA41CB4FC28}.Debug|x86.Build.0 = Debug|Win32
		{17C7BBF0-F17F-4E8B-A584-6AA41CB4FC28}.Release|x64.ActiveCfg = Release|x64
		{17C7BBF0-F17F-4E8B-A584-6AA41CB4FC28}.Release|x64.Build.0 = Release|x64
		{17C7BBF0-F17F-4E8B-A584-6AA41CB4FC28}.Release|x86.ActiveCfg = Release|Win32
		{17C7BBF0-F17F-4E8B-A584-6AA41CB4FC28}.Release|x86.Build.0 = Release|Win32
	EndGlobalSection
	GlobalSection(SolutionProperties) = preSolution
		HideSolutionNode = FALSE
	EndGlobalSection
	GlobalSection(ExtensibilityGlobals) = postSolution
		SolutionGuid = {2C5F886F-5F2D-4B27-BE0B-1987CFA32BAF}
	EndGlobalSection
EndGlobal
